
Microsoft Visual Studio Solution File, Format Version 12.00
# Visual Studio Version 16
VisualStudioVersion = 16.0.31702.278
MinimumVisualStudioVersion = 10.0.40219.1
Project("{FAE04EC0-301F-11D3-BF4B-00C04F79EFBC}") = "Example_3", "Example_3\Example_3.csproj", "{80DA8D21-9AAD-440E-8662-3808D46B3B80}"
EndProject
Project("{2150E333-8FDC-42A3-9474-1A3956D46DE8}") = "U08", "U08", "{2D92E26E-354C-4828-A524-48261070895F}"
EndProject
Project("{2150E333-8FDC-42A3-9474-1A3956D46DE8}") = "U09", "U09", "{53A9E8A0-87BF-4E25-9511-98A86E14E208}"
EndProject
Project("{2150E333-8FDC-42A3-9474-1A3956D46DE8}") = "U11", "U11", "{EED35903-4DAC-41D2-B8A2-13F46F8D2CE8}"
EndProject
Project("{2150E333-8FDC-42A3-9474-1A3956D46DE8}") = "U13", "U13", "{789829A8-A815-401B-BA56-B23CB9116E5F}"
EndProject
Project("{FAE04EC0-301F-11D3-BF4B-00C04F79EFBC}") = "Ex1", "Ex1\Ex1.csproj", "{56DBDA87-48ED-40D5-BA1C-5C84378C30CA}"
EndProject
Project("{FAE04EC0-301F-11D3-BF4B-00C04F79EFBC}") = "Ex2", "Ex2\Ex2.csproj", "{3832212B-A294-4ABB-82D8-1D64A362A315}"
EndProject
Project("{FAE04EC0-301F-11D3-BF4B-00C04F79EFBC}") = "Ex4", "Ex4\Ex4.csproj", "{4B5F1DCF-84E7-42DF-B961-7AB8FE37C534}"
EndProject
Project("{FAE04EC0-301F-11D3-BF4B-00C04F79EFBC}") = "Ex3", "Ex3\Ex3.csproj", "{7D0F71CB-8679-410E-938F-FE293CCEF4CC}"
EndProject
Project("{FAE04EC0-301F-11D3-BF4B-00C04F79EFBC}") = "U09", "U09\U09.csproj", "{F35E2978-CD23-4433-B697-1938799EC41D}"
EndProject
Project("{FAE04EC0-301F-11D3-BF4B-00C04F79EFBC}") = "U09_2", "U09_2\U09_2.csproj", "{70631392-0D03-447F-8083-742C827058D5}"
EndProject
Project("{FAE04EC0-301F-11D3-BF4B-00C04F79EFBC}") = "U11", "U11\U11.csproj", "{C530D1C4-5A24-4272-B375-2A8AAB6975B6}"
EndProject
Project("{FAE04EC0-301F-11D3-BF4B-00C04F79EFBC}") = "U13", "U13\U13.csproj", "{C0D2BA33-36C5-402A-BD32-F62A98D7C1FD}"
EndProject
Project("{FAE04EC0-301F-11D3-BF4B-00C04F79EFBC}") = "WeatherPanel", "WeatherPanel\WeatherPanel.csproj", "{68A09A5F-4092-4B73-B260-336FF34F0309}"
EndProject
Global
	GlobalSection(SolutionConfigurationPlatforms) = preSolution
		Debug|ARM = Debug|ARM
		Debug|ARM64 = Debug|ARM64
		Debug|x64 = Debug|x64
		Debug|x86 = Debug|x86
		Release|ARM = Release|ARM
		Release|ARM64 = Release|ARM64
		Release|x64 = Release|x64
		Release|x86 = Release|x86
	EndGlobalSection
	GlobalSection(ProjectConfigurationPlatforms) = postSolution
		{80DA8D21-9AAD-440E-8662-3808D46B3B80}.Debug|ARM.ActiveCfg = Debug|ARM
		{80DA8D21-9AAD-440E-8662-3808D46B3B80}.Debug|ARM.Build.0 = Debug|ARM
		{80DA8D21-9AAD-440E-8662-3808D46B3B80}.Debug|ARM.Deploy.0 = Debug|ARM
		{80DA8D21-9AAD-440E-8662-3808D46B3B80}.Debug|ARM64.ActiveCfg = Debug|ARM64
		{80DA8D21-9AAD-440E-8662-3808D46B3B80}.Debug|ARM64.Build.0 = Debug|ARM64
		{80DA8D21-9AAD-440E-8662-3808D46B3B80}.Debug|ARM64.Deploy.0 = Debug|ARM64
		{80DA8D21-9AAD-440E-8662-3808D46B3B80}.Debug|x64.ActiveCfg = Debug|x64
		{80DA8D21-9AAD-440E-8662-3808D46B3B80}.Debug|x64.Build.0 = Debug|x64
		{80DA8D21-9AAD-440E-8662-3808D46B3B80}.Debug|x64.Deploy.0 = Debug|x64
		{80DA8D21-9AAD-440E-8662-3808D46B3B80}.Debug|x86.ActiveCfg = Debug|x86
		{80DA8D21-9AAD-440E-8662-3808D46B3B80}.Debug|x86.Build.0 = Debug|x86
		{80DA8D21-9AAD-440E-8662-3808D46B3B80}.Debug|x86.Deploy.0 = Debug|x86
		{80DA8D21-9AAD-440E-8662-3808D46B3B80}.Release|ARM.ActiveCfg = Release|ARM
		{80DA8D21-9AAD-440E-8662-3808D46B3B80}.Release|ARM.Build.0 = Release|ARM
		{80DA8D21-9AAD-440E-8662-3808D46B3B80}.Release|ARM.Deploy.0 = Release|ARM
		{80DA8D21-9AAD-440E-8662-3808D46B3B80}.Release|ARM64.ActiveCfg = Release|ARM64
		{80DA8D21-9AAD-440E-8662-3808D46B3B80}.Release|ARM64.Build.0 = Release|ARM64
		{80DA8D21-9AAD-440E-8662-3808D46B3B80}.Release|ARM64.Deploy.0 = Release|ARM64
		{80DA8D21-9AAD-440E-8662-3808D46B3B80}.Release|x64.ActiveCfg = Release|x64
		{80DA8D21-9AAD-440E-8662-3808D46B3B80}.Release|x64.Build.0 = Release|x64
		{80DA8D21-9AAD-440E-8662-3808D46B3B80}.Release|x64.Deploy.0 = Release|x64
		{80DA8D21-9AAD-440E-8662-3808D46B3B80}.Release|x86.ActiveCfg = Release|x86
		{80DA8D21-9AAD-440E-8662-3808D46B3B80}.Release|x86.Build.0 = Release|x86
		{80DA8D21-9AAD-440E-8662-3808D46B3B80}.Release|x86.Deploy.0 = Release|x86
		{56DBDA87-48ED-40D5-BA1C-5C84378C30CA}.Debug|ARM.ActiveCfg = Debug|ARM
		{56DBDA87-48ED-40D5-BA1C-5C84378C30CA}.Debug|ARM.Build.0 = Debug|ARM
		{56DBDA87-48ED-40D5-BA1C-5C84378C30CA}.Debug|ARM.Deploy.0 = Debug|ARM
		{56DBDA87-48ED-40D5-BA1C-5C84378C30CA}.Debug|ARM64.ActiveCfg = Debug|ARM64
		{56DBDA87-48ED-40D5-BA1C-5C84378C30CA}.Debug|ARM64.Build.0 = Debug|ARM64
		{56DBDA87-48ED-40D5-BA1C-5C84378C30CA}.Debug|ARM64.Deploy.0 = Debug|ARM64
		{56DBDA87-48ED-40D5-BA1C-5C84378C30CA}.Debug|x64.ActiveCfg = Debug|x64
		{56DBDA87-48ED-40D5-BA1C-5C84378C30CA}.Debug|x64.Build.0 = Debug|x64
		{56DBDA87-48ED-40D5-BA1C-5C84378C30CA}.Debug|x64.Deploy.0 = Debug|x64
		{56DBDA87-48ED-40D5-BA1C-5C84378C30CA}.Debug|x86.ActiveCfg = Debug|x86
		{56DBDA87-48ED-40D5-BA1C-5C84378C30CA}.Debug|x86.Build.0 = Debug|x86
		{56DBDA87-48ED-40D5-BA1C-5C84378C30CA}.Debug|x86.Deploy.0 = Debug|x86
		{56DBDA87-48ED-40D5-BA1C-5C84378C30CA}.Release|ARM.ActiveCfg = Release|ARM
		{56DBDA87-48ED-40D5-BA1C-5C84378C30CA}.Release|ARM.Build.0 = Release|ARM
		{56DBDA87-48ED-40D5-BA1C-5C84378C30CA}.Release|ARM.Deploy.0 = Release|ARM
		{56DBDA87-48ED-40D5-BA1C-5C84378C30CA}.Release|ARM64.ActiveCfg = Release|ARM64
		{56DBDA87-48ED-40D5-BA1C-5C84378C30CA}.Release|ARM64.Build.0 = Release|ARM64
		{56DBDA87-48ED-40D5-BA1C-5C84378C30CA}.Release|ARM64.Deploy.0 = Release|ARM64
		{56DBDA87-48ED-40D5-BA1C-5C84378C30CA}.Release|x64.ActiveCfg = Release|x64
		{56DBDA87-48ED-40D5-BA1C-5C84378C30CA}.Release|x64.Build.0 = Release|x64
		{56DBDA87-48ED-40D5-BA1C-5C84378C30CA}.Release|x64.Deploy.0 = Release|x64
		{56DBDA87-48ED-40D5-BA1C-5C84378C30CA}.Release|x86.ActiveCfg = Release|x86
		{56DBDA87-48ED-40D5-BA1C-5C84378C30CA}.Release|x86.Build.0 = Release|x86
		{56DBDA87-48ED-40D5-BA1C-5C84378C30CA}.Release|x86.Deploy.0 = Release|x86
		{3832212B-A294-4ABB-82D8-1D64A362A315}.Debug|ARM.ActiveCfg = Debug|ARM
		{3832212B-A294-4ABB-82D8-1D64A362A315}.Debug|ARM.Build.0 = Debug|ARM
		{3832212B-A294-4ABB-82D8-1D64A362A315}.Debug|ARM.Deploy.0 = Debug|ARM
		{3832212B-A294-4ABB-82D8-1D64A362A315}.Debug|ARM64.ActiveCfg = Debug|ARM64
		{3832212B-A294-4ABB-82D8-1D64A362A315}.Debug|ARM64.Build.0 = Debug|ARM64
		{3832212B-A294-4ABB-82D8-1D64A362A315}.Debug|ARM64.Deploy.0 = Debug|ARM64
		{3832212B-A294-4ABB-82D8-1D64A362A315}.Debug|x64.ActiveCfg = Debug|x64
		{3832212B-A294-4ABB-82D8-1D64A362A315}.Debug|x64.Build.0 = Debug|x64
		{3832212B-A294-4ABB-82D8-1D64A362A315}.Debug|x64.Deploy.0 = Debug|x64
		{3832212B-A294-4ABB-82D8-1D64A362A315}.Debug|x86.ActiveCfg = Debug|x86
		{3832212B-A294-4ABB-82D8-1D64A362A315}.Debug|x86.Build.0 = Debug|x86
		{3832212B-A294-4ABB-82D8-1D64A362A315}.Debug|x86.Deploy.0 = Debug|x86
		{3832212B-A294-4ABB-82D8-1D64A362A315}.Release|ARM.ActiveCfg = Release|ARM
		{3832212B-A294-4ABB-82D8-1D64A362A315}.Release|ARM.Build.0 = Release|ARM
		{3832212B-A294-4ABB-82D8-1D64A362A315}.Release|ARM.Deploy.0 = Release|ARM
		{3832212B-A294-4ABB-82D8-1D64A362A315}.Release|ARM64.ActiveCfg = Release|ARM64
		{3832212B-A294-4ABB-82D8-1D64A362A315}.Release|ARM64.Build.0 = Release|ARM64
		{3832212B-A294-4ABB-82D8-1D64A362A315}.Release|ARM64.Deploy.0 = Release|ARM64
		{3832212B-A294-4ABB-82D8-1D64A362A315}.Release|x64.ActiveCfg = Release|x64
		{3832212B-A294-4ABB-82D8-1D64A362A315}.Release|x64.Build.0 = Release|x64
		{3832212B-A294-4ABB-82D8-1D64A362A315}.Release|x64.Deploy.0 = Release|x64
		{3832212B-A294-4ABB-82D8-1D64A362A315}.Release|x86.ActiveCfg = Release|x86
		{3832212B-A294-4ABB-82D8-1D64A362A315}.Release|x86.Build.0 = Release|x86
		{3832212B-A294-4ABB-82D8-1D64A362A315}.Release|x86.Deploy.0 = Release|x86
		{4B5F1DCF-84E7-42DF-B961-7AB8FE37C534}.Debug|ARM.ActiveCfg = Debug|ARM
		{4B5F1DCF-84E7-42DF-B961-7AB8FE37C534}.Debug|ARM.Build.0 = Debug|ARM
		{4B5F1DCF-84E7-42DF-B961-7AB8FE37C534}.Debug|ARM.Deploy.0 = Debug|ARM
		{4B5F1DCF-84E7-42DF-B961-7AB8FE37C534}.Debug|ARM64.ActiveCfg = Debug|ARM64
		{4B5F1DCF-84E7-42DF-B961-7AB8FE37C534}.Debug|ARM64.Build.0 = Debug|ARM64
		{4B5F1DCF-84E7-42DF-B961-7AB8FE37C534}.Debug|ARM64.Deploy.0 = Debug|ARM64
		{4B5F1DCF-84E7-42DF-B961-7AB8FE37C534}.Debug|x64.ActiveCfg = Debug|x64
		{4B5F1DCF-84E7-42DF-B961-7AB8FE37C534}.Debug|x64.Build.0 = Debug|x64
		{4B5F1DCF-84E7-42DF-B961-7AB8FE37C534}.Debug|x64.Deploy.0 = Debug|x64
		{4B5F1DCF-84E7-42DF-B961-7AB8FE37C534}.Debug|x86.ActiveCfg = Debug|x86
		{4B5F1DCF-84E7-42DF-B961-7AB8FE37C534}.Debug|x86.Build.0 = Debug|x86
		{4B5F1DCF-84E7-42DF-B961-7AB8FE37C534}.Debug|x86.Deploy.0 = Debug|x86
		{4B5F1DCF-84E7-42DF-B961-7AB8FE37C534}.Release|ARM.ActiveCfg = Release|ARM
		{4B5F1DCF-84E7-42DF-B961-7AB8FE37C534}.Release|ARM.Build.0 = Release|ARM
		{4B5F1DCF-84E7-42DF-B961-7AB8FE37C534}.Release|ARM.Deploy.0 = Release|ARM
		{4B5F1DCF-84E7-42DF-B961-7AB8FE37C534}.Release|ARM64.ActiveCfg = Release|ARM64
		{4B5F1DCF-84E7-42DF-B961-7AB8FE37C534}.Release|ARM64.Build.0 = Release|ARM64
		{4B5F1DCF-84E7-42DF-B961-7AB8FE37C534}.Release|ARM64.Deploy.0 = Release|ARM64
		{4B5F1DCF-84E7-42DF-B961-7AB8FE37C534}.Release|x64.ActiveCfg = Release|x64
		{4B5F1DCF-84E7-42DF-B961-7AB8FE37C534}.Release|x64.Build.0 = Release|x64
		{4B5F1DCF-84E7-42DF-B961-7AB8FE37C534}.Release|x64.Deploy.0 = Release|x64
		{4B5F1DCF-84E7-42DF-B961-7AB8FE37C534}.Release|x86.ActiveCfg = Release|x86
		{4B5F1DCF-84E7-42DF-B961-7AB8FE37C534}.Release|x86.Build.0 = Release|x86
		{4B5F1DCF-84E7-42DF-B961-7AB8FE37C534}.Release|x86.Deploy.0 = Release|x86
		{7D0F71CB-8679-410E-938F-FE293CCEF4CC}.Debug|ARM.ActiveCfg = Debug|ARM
		{7D0F71CB-8679-410E-938F-FE293CCEF4CC}.Debug|ARM.Build.0 = Debug|ARM
		{7D0F71CB-8679-410E-938F-FE293CCEF4CC}.Debug|ARM.Deploy.0 = Debug|ARM
		{7D0F71CB-8679-410E-938F-FE293CCEF4CC}.Debug|ARM64.ActiveCfg = Debug|ARM64
		{7D0F71CB-8679-410E-938F-FE293CCEF4CC}.Debug|ARM64.Build.0 = Debug|ARM64
		{7D0F71CB-8679-410E-938F-FE293CCEF4CC}.Debug|ARM64.Deploy.0 = Debug|ARM64
		{7D0F71CB-8679-410E-938F-FE293CCEF4CC}.Debug|x64.ActiveCfg = Debug|x64
		{7D0F71CB-8679-410E-938F-FE293CCEF4CC}.Debug|x64.Build.0 = Debug|x64
		{7D0F71CB-8679-410E-938F-FE293CCEF4CC}.Debug|x64.Deploy.0 = Debug|x64
		{7D0F71CB-8679-410E-938F-FE293CCEF4CC}.Debug|x86.ActiveCfg = Debug|x86
		{7D0F71CB-8679-410E-938F-FE293CCEF4CC}.Debug|x86.Build.0 = Debug|x86
		{7D0F71CB-8679-410E-938F-FE293CCEF4CC}.Debug|x86.Deploy.0 = Debug|x86
		{7D0F71CB-8679-410E-938F-FE293CCEF4CC}.Release|ARM.ActiveCfg = Release|ARM
		{7D0F71CB-8679-410E-938F-FE293CCEF4CC}.Release|ARM.Build.0 = Release|ARM
		{7D0F71CB-8679-410E-938F-FE293CCEF4CC}.Release|ARM.Deploy.0 = Release|ARM
		{7D0F71CB-8679-410E-938F-FE293CCEF4CC}.Release|ARM64.ActiveCfg = Release|ARM64
		{7D0F71CB-8679-410E-938F-FE293CCEF4CC}.Release|ARM64.Build.0 = Release|ARM64
		{7D0F71CB-8679-410E-938F-FE293CCEF4CC}.Release|ARM64.Deploy.0 = Release|ARM64
		{7D0F71CB-8679-410E-938F-FE293CCEF4CC}.Release|x64.ActiveCfg = Release|x64
		{7D0F71CB-8679-410E-938F-FE293CCEF4CC}.Release|x64.Build.0 = Release|x64
		{7D0F71CB-8679-410E-938F-FE293CCEF4CC}.Release|x64.Deploy.0 = Release|x64
		{7D0F71CB-8679-410E-938F-FE293CCEF4CC}.Release|x86.ActiveCfg = Release|x86
		{7D0F71CB-8679-410E-938F-FE293CCEF4CC}.Release|x86.Build.0 = Release|x86
		{7D0F71CB-8679-410E-938F-FE293CCEF4CC}.Release|x86.Deploy.0 = Release|x86
		{F35E2978-CD23-4433-B697-1938799EC41D}.Debug|ARM.ActiveCfg = Debug|ARM
		{F35E2978-CD23-4433-B697-1938799EC41D}.Debug|ARM.Build.0 = Debug|ARM
		{F35E2978-CD23-4433-B697-1938799EC41D}.Debug|ARM.Deploy.0 = Debug|ARM
		{F35E2978-CD23-4433-B697-1938799EC41D}.Debug|ARM64.ActiveCfg = Debug|ARM64
		{F35E2978-CD23-4433-B697-1938799EC41D}.Debug|ARM64.Build.0 = Debug|ARM64
		{F35E2978-CD23-4433-B697-1938799EC41D}.Debug|ARM64.Deploy.0 = Debug|ARM64
		{F35E2978-CD23-4433-B697-1938799EC41D}.Debug|x64.ActiveCfg = Debug|x64
		{F35E2978-CD23-4433-B697-1938799EC41D}.Debug|x64.Build.0 = Debug|x64
		{F35E2978-CD23-4433-B697-1938799EC41D}.Debug|x64.Deploy.0 = Debug|x64
		{F35E2978-CD23-4433-B697-1938799EC41D}.Debug|x86.ActiveCfg = Debug|x86
		{F35E2978-CD23-4433-B697-1938799EC41D}.Debug|x86.Build.0 = Debug|x86
		{F35E2978-CD23-4433-B697-1938799EC41D}.Debug|x86.Deploy.0 = Debug|x86
		{F35E2978-CD23-4433-B697-1938799EC41D}.Release|ARM.ActiveCfg = Release|ARM
		{F35E2978-CD23-4433-B697-1938799EC41D}.Release|ARM.Build.0 = Release|ARM
		{F35E2978-CD23-4433-B697-1938799EC41D}.Release|ARM.Deploy.0 = Release|ARM
		{F35E2978-CD23-4433-B697-1938799EC41D}.Release|ARM64.ActiveCfg = Release|ARM64
		{F35E2978-CD23-4433-B697-1938799EC41D}.Release|ARM64.Build.0 = Release|ARM64
		{F35E2978-CD23-4433-B697-1938799EC41D}.Release|ARM64.Deploy.0 = Release|ARM64
		{F35E2978-CD23-4433-B697-1938799EC41D}.Release|x64.ActiveCfg = Release|x64
		{F35E2978-CD23-4433-B697-1938799EC41D}.Release|x64.Build.0 = Release|x64
		{F35E2978-CD23-4433-B697-1938799EC41D}.Release|x64.Deploy.0 = Release|x64
		{F35E2978-CD23-4433-B697-1938799EC41D}.Release|x86.ActiveCfg = Release|x86
		{F35E2978-CD23-4433-B697-1938799EC41D}.Release|x86.Build.0 = Release|x86
		{F35E2978-CD23-4433-B697-1938799EC41D}.Release|x86.Deploy.0 = Release|x86
		{70631392-0D03-447F-8083-742C827058D5}.Debug|ARM.ActiveCfg = Debug|ARM
		{70631392-0D03-447F-8083-742C827058D5}.Debug|ARM.Build.0 = Debug|ARM
		{70631392-0D03-447F-8083-742C827058D5}.Debug|ARM.Deploy.0 = Debug|ARM
		{70631392-0D03-447F-8083-742C827058D5}.Debug|ARM64.ActiveCfg = Debug|ARM64
		{70631392-0D03-447F-8083-742C827058D5}.Debug|ARM64.Build.0 = Debug|ARM64
		{70631392-0D03-447F-8083-742C827058D5}.Debug|ARM64.Deploy.0 = Debug|ARM64
		{70631392-0D03-447F-8083-742C827058D5}.Debug|x64.ActiveCfg = Debug|x64
		{70631392-0D03-447F-8083-742C827058D5}.Debug|x64.Build.0 = Debug|x64
		{70631392-0D03-447F-8083-742C827058D5}.Debug|x64.Deploy.0 = Debug|x64
		{70631392-0D03-447F-8083-742C827058D5}.Debug|x86.ActiveCfg = Debug|x86
		{70631392-0D03-447F-8083-742C827058D5}.Debug|x86.Build.0 = Debug|x86
		{70631392-0D03-447F-8083-742C827058D5}.Debug|x86.Deploy.0 = Debug|x86
		{70631392-0D03-447F-8083-742C827058D5}.Release|ARM.ActiveCfg = Release|ARM
		{70631392-0D03-447F-8083-742C827058D5}.Release|ARM.Build.0 = Release|ARM
		{70631392-0D03-447F-8083-742C827058D5}.Release|ARM.Deploy.0 = Release|ARM
		{70631392-0D03-447F-8083-742C827058D5}.Release|ARM64.ActiveCfg = Release|ARM64
		{70631392-0D03-447F-8083-742C827058D5}.Release|ARM64.Build.0 = Release|ARM64
		{70631392-0D03-447F-8083-742C827058D5}.Release|ARM64.Deploy.0 = Release|ARM64
		{70631392-0D03-447F-8083-742C827058D5}.Release|x64.ActiveCfg = Release|x64
		{70631392-0D03-447F-8083-742C827058D5}.Release|x64.Build.0 = Release|x64
		{70631392-0D03-447F-8083-742C827058D5}.Release|x64.Deploy.0 = Release|x64
		{70631392-0D03-447F-8083-742C827058D5}.Release|x86.ActiveCfg = Release|x86
		{70631392-0D03-447F-8083-742C827058D5}.Release|x86.Build.0 = Release|x86
		{70631392-0D03-447F-8083-742C827058D5}.Release|x86.Deploy.0 = Release|x86
		{C530D1C4-5A24-4272-B375-2A8AAB6975B6}.Debug|ARM.ActiveCfg = Debug|ARM
		{C530D1C4-5A24-4272-B375-2A8AAB6975B6}.Debug|ARM.Build.0 = Debug|ARM
		{C530D1C4-5A24-4272-B375-2A8AAB6975B6}.Debug|ARM.Deploy.0 = Debug|ARM
		{C530D1C4-5A24-4272-B375-2A8AAB6975B6}.Debug|ARM64.ActiveCfg = Debug|ARM64
		{C530D1C4-5A24-4272-B375-2A8AAB6975B6}.Debug|ARM64.Build.0 = Debug|ARM64
		{C530D1C4-5A24-4272-B375-2A8AAB6975B6}.Debug|ARM64.Deploy.0 = Debug|ARM64
		{C530D1C4-5A24-4272-B375-2A8AAB6975B6}.Debug|x64.ActiveCfg = Debug|x64
		{C530D1C4-5A24-4272-B375-2A8AAB6975B6}.Debug|x64.Build.0 = Debug|x64
		{C530D1C4-5A24-4272-B375-2A8AAB6975B6}.Debug|x64.Deploy.0 = Debug|x64
		{C530D1C4-5A24-4272-B375-2A8AAB6975B6}.Debug|x86.ActiveCfg = Debug|x86
		{C530D1C4-5A24-4272-B375-2A8AAB6975B6}.Debug|x86.Build.0 = Debug|x86
		{C530D1C4-5A24-4272-B375-2A8AAB6975B6}.Debug|x86.Deploy.0 = Debug|x86
		{C530D1C4-5A24-4272-B375-2A8AAB6975B6}.Release|ARM.ActiveCfg = Release|ARM
		{C530D1C4-5A24-4272-B375-2A8AAB6975B6}.Release|ARM.Build.0 = Release|ARM
		{C530D1C4-5A24-4272-B375-2A8AAB6975B6}.Release|ARM.Deploy.0 = Release|ARM
		{C530D1C4-5A24-4272-B375-2A8AAB6975B6}.Release|ARM64.ActiveCfg = Release|ARM64
		{C530D1C4-5A24-4272-B375-2A8AAB6975B6}.Release|ARM64.Build.0 = Release|ARM64
		{C530D1C4-5A24-4272-B375-2A8AAB6975B6}.Release|ARM64.Deploy.0 = Release|ARM64
		{C530D1C4-5A24-4272-B375-2A8AAB6975B6}.Release|x64.ActiveCfg = Release|x64
		{C530D1C4-5A24-4272-B375-2A8AAB6975B6}.Release|x64.Build.0 = Release|x64
		{C530D1C4-5A24-4272-B375-2A8AAB6975B6}.Release|x64.Deploy.0 = Release|x64
		{C530D1C4-5A24-4272-B375-2A8AAB6975B6}.Release|x86.ActiveCfg = Release|x86
		{C530D1C4-5A24-4272-B375-2A8AAB6975B6}.Release|x86.Build.0 = Release|x86
		{C530D1C4-5A24-4272-B375-2A8AAB6975B6}.Release|x86.Deploy.0 = Release|x86
		{C0D2BA33-36C5-402A-BD32-F62A98D7C1FD}.Debug|ARM.ActiveCfg = Debug|ARM
		{C0D2BA33-36C5-402A-BD32-F62A98D7C1FD}.Debug|ARM.Build.0 = Debug|ARM
		{C0D2BA33-36C5-402A-BD32-F62A98D7C1FD}.Debug|ARM.Deploy.0 = Debug|ARM
		{C0D2BA33-36C5-402A-BD32-F62A98D7C1FD}.Debug|ARM64.ActiveCfg = Debug|ARM64
		{C0D2BA33-36C5-402A-BD32-F62A98D7C1FD}.Debug|ARM64.Build.0 = Debug|ARM64
		{C0D2BA33-36C5-402A-BD32-F62A98D7C1FD}.Debug|ARM64.Deploy.0 = Debug|ARM64
		{C0D2BA33-36C5-402A-BD32-F62A98D7C1FD}.Debug|x64.ActiveCfg = Debug|x64
		{C0D2BA33-36C5-402A-BD32-F62A98D7C1FD}.Debug|x64.Build.0 = Debug|x64
		{C0D2BA33-36C5-402A-BD32-F62A98D7C1FD}.Debug|x64.Deploy.0 = Debug|x64
		{C0D2BA33-36C5-402A-BD32-F62A98D7C1FD}.Debug|x86.ActiveCfg = Debug|x86
		{C0D2BA33-36C5-402A-BD32-F62A98D7C1FD}.Debug|x86.Build.0 = Debug|x86
		{C0D2BA33-36C5-402A-BD32-F62A98D7C1FD}.Debug|x86.Deploy.0 = Debug|x86
		{C0D2BA33-36C5-402A-BD32-F62A98D7C1FD}.Release|ARM.ActiveCfg = Release|ARM
		{C0D2BA33-36C5-402A-BD32-F62A98D7C1FD}.Release|ARM.Build.0 = Release|ARM
		{C0D2BA33-36C5-402A-BD32-F62A98D7C1FD}.Release|ARM.Deploy.0 = Release|ARM
		{C0D2BA33-36C5-402A-BD32-F62A98D7C1FD}.Release|ARM64.ActiveCfg = Release|ARM64
		{C0D2BA33-36C5-402A-BD32-F62A98D7C1FD}.Release|ARM64.Build.0 = Release|ARM64
		{C0D2BA33-36C5-402A-BD32-F62A98D7C1FD}.Release|ARM64.Deploy.0 = Release|ARM64
		{C0D2BA33-36C5-402A-BD32-F62A98D7C1FD}.Release|x64.ActiveCfg = Release|x64
		{C0D2BA33-36C5-402A-BD32-F62A98D7C1FD}.Release|x64.Build.0 = Release|x64
		{C0D2BA33-36C5-402A-BD32-F62A98D7C1FD}.Release|x64.Deploy.0 = Release|x64
		{C0D2BA33-36C5-402A-BD32-F62A98D7C1FD}.Release|x86.ActiveCfg = Release|x86
		{C0D2BA33-36C5-402A-BD32-F62A98D7C1FD}.Release|x86.Build.0 = Release|x86
		{C0D2BA33-36C5-402A-BD32-F62A98D7C1FD}.Release|x86.Deploy.0 = Release|x86
		{68A09A5F-4092-4B73-B260-336FF34F0309}.Debug|ARM.ActiveCfg = Debug|ARM
		{68A09A5F-4092-4B73-B260-336FF34F0309}.Debug|ARM.Build.0 = Debug|ARM
		{68A09A5F-4092-4B73-B260-336FF34F0309}.Debug|ARM.Deploy.0 = Debug|ARM
		{68A09A5F-4092-4B73-B260-336FF34F0309}.Debug|ARM64.ActiveCfg = Debug|ARM64
		{68A09A5F-4092-4B73-B260-336FF34F0309}.Debug|ARM64.Build.0 = Debug|ARM64
		{68A09A5F-4092-4B73-B260-336FF34F0309}.Debug|ARM64.Deploy.0 = Debug|ARM64
		{68A09A5F-4092-4B73-B260-336FF34F0309}.Debug|x64.ActiveCfg = Debug|x64
		{68A09A5F-4092-4B73-B260-336FF34F0309}.Debug|x64.Build.0 = Debug|x64
		{68A09A5F-4092-4B73-B260-336FF34F0309}.Debug|x64.Deploy.0 = Debug|x64
		{68A09A5F-4092-4B73-B260-336FF34F0309}.Debug|x86.ActiveCfg = Debug|x86
		{68A09A5F-4092-4B73-B260-336FF34F0309}.Debug|x86.Build.0 = Debug|x86
		{68A09A5F-4092-4B73-B260-336FF34F0309}.Debug|x86.Deploy.0 = Debug|x86
		{68A09A5F-4092-4B73-B260-336FF34F0309}.Release|ARM.ActiveCfg = Release|ARM
		{68A09A5F-4092-4B73-B260-336FF34F0309}.Release|ARM.Build.0 = Release|ARM
		{68A09A5F-4092-4B73-B260-336FF34F0309}.Release|ARM.Deploy.0 = Release|ARM
		{68A09A5F-4092-4B73-B260-336FF34F0309}.Release|ARM64.ActiveCfg = Release|ARM64
		{68A09A5F-4092-4B73-B260-336FF34F0309}.Release|ARM64.Build.0 = Release|ARM64
		{68A09A5F-4092-4B73-B260-336FF34F0309}.Release|ARM64.Deploy.0 = Release|ARM64
		{68A09A5F-4092-4B73-B260-336FF34F0309}.Release|x64.ActiveCfg = Release|x64
		{68A09A5F-4092-4B73-B260-336FF34F0309}.Release|x64.Build.0 = Release|x64
		{68A09A5F-4092-4B73-B260-336FF34F0309}.Release|x64.Deploy.0 = Release|x64
		{68A09A5F-4092-4B73-B260-336FF34F0309}.Release|x86.ActiveCfg = Release|x86
		{68A09A5F-4092-4B73-B260-336FF34F0309}.Release|x86.Build.0 = Release|x86
		{68A09A5F-4092-4B73-B260-336FF34F0309}.Release|x86.Deploy.0 = Release|x86
	EndGlobalSection
	GlobalSection(SolutionProperties) = preSolution
		HideSolutionNode = FALSE
	EndGlobalSection
	GlobalSection(NestedProjects) = preSolution
		{56DBDA87-48ED-40D5-BA1C-5C84378C30CA} = {2D92E26E-354C-4828-A524-48261070895F}
		{3832212B-A294-4ABB-82D8-1D64A362A315} = {2D92E26E-354C-4828-A524-48261070895F}
		{4B5F1DCF-84E7-42DF-B961-7AB8FE37C534} = {2D92E26E-354C-4828-A524-48261070895F}
		{7D0F71CB-8679-410E-938F-FE293CCEF4CC} = {2D92E26E-354C-4828-A524-48261070895F}
		{F35E2978-CD23-4433-B697-1938799EC41D} = {53A9E8A0-87BF-4E25-9511-98A86E14E208}
		{70631392-0D03-447F-8083-742C827058D5} = {53A9E8A0-87BF-4E25-9511-98A86E14E208}
		{C530D1C4-5A24-4272-B375-2A8AAB6975B6} = {EED35903-4DAC-41D2-B8A2-13F46F8D2CE8}
		{C0D2BA33-36C5-402A-BD32-F62A98D7C1FD} = {789829A8-A815-401B-BA56-B23CB9116E5F}
	EndGlobalSection
	GlobalSection(ExtensibilityGlobals) = postSolution
		SolutionGuid = {8E0CAB43-6051-4CFA-A309-DD42D3B4A445}
	EndGlobalSection
EndGlobal
